
Microsoft Visual Studio Solution File, Format Version 12.00
# Visual Studio 15
VisualStudioVersion = 15.0.26730.12
MinimumVisualStudioVersion = 10.0.40219.1
Project("{FAE04EC0-301F-11D3-BF4B-00C04F79EFBC}") = "pzyy20172", "pzyy20172\pzyy20172.csproj", "{A95E1ED5-ED6C-4C80-8D57-40D1D14A3940}"
EndProject
Project("{FAE04EC0-301F-11D3-BF4B-00C04F79EFBC}") = "pzyy20172.code", "pzyy20172.code\pzyy20172.code.csproj", "{072F3BAD-65F3-4786-81DA-61C74EBE192B}"
EndProject
Project("{FAE04EC0-301F-11D3-BF4B-00C04F79EFBC}") = "pzyy20172.ShuXue", "pzyy20172.ShuXue\pzyy20172.ShuXue.csproj", "{DF32297C-AA8F-4A3B-BFC4-D965F5100B23}"
EndProject
Global
	GlobalSection(SolutionConfigurationPlatforms) = preSolution
		Debug|Any CPU = Debug|Any CPU
		Release|Any CPU = Release|Any CPU
	EndGlobalSection
	GlobalSection(ProjectConfigurationPlatforms) = postSolution
		{A95E1ED5-ED6C-4C80-8D57-40D1D14A3940}.Debug|Any CPU.ActiveCfg = Debug|Any CPU
		{A95E1ED5-ED6C-4C80-8D57-40D1D14A3940}.Debug|Any CPU.Build.0 = Debug|Any CPU
		{A95E1ED5-ED6C-4C80-8D57-40D1D14A3940}.Release|Any CPU.ActiveCfg = Release|Any CPU
		{A95E1ED5-ED6C-4C80-8D57-40D1D14A3940}.Release|Any CPU.Build.0 = Release|Any CPU
		{072F3BAD-65F3-4786-81DA-61C74EBE192B}.Debug|Any CPU.ActiveCfg = Debug|Any CPU
		{072F3BAD-65F3-4786-81DA-61C74EBE192B}.Debug|Any CPU.Build.0 = Debug|Any CPU
		{072F3BAD-65F3-4786-81DA-61C74EBE192B}.Release|Any CPU.ActiveCfg = Release|Any CPU
		{072F3BAD-65F3-4786-81DA-61C74EBE192B}.Release|Any CPU.Build.0 = Release|Any CPU
		{DF32297C-AA8F-4A3B-BFC4-D965F5100B23}.Debug|Any CPU.ActiveCfg = Debug|Any CPU
		{DF32297C-AA8F-4A3B-BFC4-D965F5100B23}.Debug|Any CPU.Build.0 = Debug|Any CPU
		{DF32297C-AA8F-4A3B-BFC4-D965F5100B23}.Release|Any CPU.ActiveCfg = Release|Any CPU
		{DF32297C-AA8F-4A3B-BFC4-D965F5100B23}.Release|Any CPU.Build.0 = Release|Any CPU
	EndGlobalSection
	GlobalSection(SolutionProperties) = preSolution
		HideSolutionNode = FALSE
	EndGlobalSection
	GlobalSection(ExtensibilityGlobals) = postSolution
		SolutionGuid = {B3DCE93C-6984-4E3F-A110-9D9891C24A97}
	EndGlobalSection
EndGlobal
